
Microsoft Visual Studio Solution File, Format Version 12.00
# Visual Studio Version 17
VisualStudioVersion = 17.14.36429.23 d17.14
MinimumVisualStudioVersion = 10.0.40219.1
Project("{FAE04EC0-301F-11D3-BF4B-00C04F79EFBC}") = "Northwind-16Sept", "Northwind-16Sept\Northwind-16Sept.csproj", "{16A88D3A-9B2C-46DB-A48A-11426ADA3FB7}"
EndProject
Global
	GlobalSection(SolutionConfigurationPlatforms) = preSolution
		Debug|Any CPU = Debug|Any CPU
		Release|Any CPU = Release|Any CPU
	EndGlobalSection
	GlobalSection(ProjectConfigurationPlatforms) = postSolution
		{16A88D3A-9B2C-46DB-A48A-11426ADA3FB7}.Debug|Any CPU.ActiveCfg = Debug|Any CPU
		{16A88D3A-9B2C-46DB-A48A-11426ADA3FB7}.Debug|Any CPU.Build.0 = Debug|Any CPU
		{16A88D3A-9B2C-46DB-A48A-11426ADA3FB7}.Release|Any CPU.ActiveCfg = Release|Any CPU
		{16A88D3A-9B2C-46DB-A48A-11426ADA3FB7}.Release|Any CPU.Build.0 = Release|Any CPU
	EndGlobalSection
	GlobalSection(SolutionProperties) = preSolution
		HideSolutionNode = FALSE
	EndGlobalSection
	GlobalSection(ExtensibilityGlobals) = postSolution
		SolutionGuid = {15A35DEF-3371-4571-B4F7-A6FC5C3B718D}
	EndGlobalSection
EndGlobal
